// !$*UTF8*$!
{
	archiveVersion = 1;
	classes = {
	};
	objectVersion = 55;
	objects = {

/* Begin PBXBuildFile section */
		72F679FA27A775B000BA03B3 /* AppDelegate.swift in Sources */ = {isa = PBXBuildFile; fileRef = 72F679F927A775B000BA03B3 /* AppDelegate.swift */; };
		72F679FC27A775B000BA03B3 /* SceneDelegate.swift in Sources */ = {isa = PBXBuildFile; fileRef = 72F679FB27A775B000BA03B3 /* SceneDelegate.swift */; };
		72F67A0327A775B200BA03B3 /* Assets.xcassets in Resources */ = {isa = PBXBuildFile; fileRef = 72F67A0227A775B200BA03B3 /* Assets.xcassets */; };
		72F67A0627A775B200BA03B3 /* LaunchScreen.storyboard in Resources */ = {isa = PBXBuildFile; fileRef = 72F67A0427A775B200BA03B3 /* LaunchScreen.storyboard */; };
		72F67A1527A775FC00BA03B3 /* HomePresenter.swift in Sources */ = {isa = PBXBuildFile; fileRef = 72F67A0E27A775FC00BA03B3 /* HomePresenter.swift */; };
		72F67A1627A775FC00BA03B3 /* HomeLocalDataManager.swift in Sources */ = {isa = PBXBuildFile; fileRef = 72F67A0F27A775FC00BA03B3 /* HomeLocalDataManager.swift */; };
		72F67A1727A775FC00BA03B3 /* HomeProtocols.swift in Sources */ = {isa = PBXBuildFile; fileRef = 72F67A1027A775FC00BA03B3 /* HomeProtocols.swift */; };
		72F67A1827A775FC00BA03B3 /* HomeInteractor.swift in Sources */ = {isa = PBXBuildFile; fileRef = 72F67A1127A775FC00BA03B3 /* HomeInteractor.swift */; };
		72F67A1927A775FC00BA03B3 /* HomeView.swift in Sources */ = {isa = PBXBuildFile; fileRef = 72F67A1227A775FC00BA03B3 /* HomeView.swift */; };
		72F67A1A27A775FC00BA03B3 /* HomeRemoteDataManager.swift in Sources */ = {isa = PBXBuildFile; fileRef = 72F67A1327A775FC00BA03B3 /* HomeRemoteDataManager.swift */; };
		72F67A1B27A775FC00BA03B3 /* HomeWireFrame.swift in Sources */ = {isa = PBXBuildFile; fileRef = 72F67A1427A775FC00BA03B3 /* HomeWireFrame.swift */; };
		72F67A1F27A7781700BA03B3 /* HomeView.storyboard in Resources */ = {isa = PBXBuildFile; fileRef = 72F67A1E27A7781700BA03B3 /* HomeView.storyboard */; };
		72F67A2127A77AD400BA03B3 /* HomeEntity.swift in Sources */ = {isa = PBXBuildFile; fileRef = 72F67A2027A77AD400BA03B3 /* HomeEntity.swift */; };
		72F67A2927A78B6900BA03B3 /* JobDetailTableViewCell.swift in Sources */ = {isa = PBXBuildFile; fileRef = 72F67A2727A78B6900BA03B3 /* JobDetailTableViewCell.swift */; };
		72F67A2A27A78B6900BA03B3 /* JobDetailTableViewCell.xib in Resources */ = {isa = PBXBuildFile; fileRef = 72F67A2827A78B6900BA03B3 /* JobDetailTableViewCell.xib */; };
		72F67A2D27A78C3300BA03B3 /* UIImageExtension.swift in Sources */ = {isa = PBXBuildFile; fileRef = 72F67A2C27A78C3300BA03B3 /* UIImageExtension.swift */; };
/* End PBXBuildFile section */

/* Begin PBXFileReference section */
		72F679F627A775B000BA03B3 /* PruebaFactum.app */ = {isa = PBXFileReference; explicitFileType = wrapper.application; includeInIndex = 0; path = PruebaFactum.app; sourceTree = BUILT_PRODUCTS_DIR; };
		72F679F927A775B000BA03B3 /* AppDelegate.swift */ = {isa = PBXFileReference; lastKnownFileType = sourcecode.swift; path = AppDelegate.swift; sourceTree = "<group>"; };
		72F679FB27A775B000BA03B3 /* SceneDelegate.swift */ = {isa = PBXFileReference; lastKnownFileType = sourcecode.swift; path = SceneDelegate.swift; sourceTree = "<group>"; };
		72F67A0227A775B200BA03B3 /* Assets.xcassets */ = {isa = PBXFileReference; lastKnownFileType = folder.assetcatalog; path = Assets.xcassets; sourceTree = "<group>"; };
		72F67A0527A775B200BA03B3 /* Base */ = {isa = PBXFileReference; lastKnownFileType = file.storyboard; name = Base; path = Base.lproj/LaunchScreen.storyboard; sourceTree = "<group>"; };
		72F67A0727A775B200BA03B3 /* Info.plist */ = {isa = PBXFileReference; lastKnownFileType = text.plist.xml; path = Info.plist; sourceTree = "<group>"; };
		72F67A0E27A775FC00BA03B3 /* HomePresenter.swift */ = {isa = PBXFileReference; lastKnownFileType = sourcecode.swift; path = HomePresenter.swift; sourceTree = "<group>"; };
		72F67A0F27A775FC00BA03B3 /* HomeLocalDataManager.swift */ = {isa = PBXFileReference; lastKnownFileType = sourcecode.swift; path = HomeLocalDataManager.swift; sourceTree = "<group>"; };
		72F67A1027A775FC00BA03B3 /* HomeProtocols.swift */ = {isa = PBXFileReference; lastKnownFileType = sourcecode.swift; path = HomeProtocols.swift; sourceTree = "<group>"; };
		72F67A1127A775FC00BA03B3 /* HomeInteractor.swift */ = {isa = PBXFileReference; lastKnownFileType = sourcecode.swift; path = HomeInteractor.swift; sourceTree = "<group>"; };
		72F67A1227A775FC00BA03B3 /* HomeView.swift */ = {isa = PBXFileReference; lastKnownFileType = sourcecode.swift; path = HomeView.swift; sourceTree = "<group>"; };
		72F67A1327A775FC00BA03B3 /* HomeRemoteDataManager.swift */ = {isa = PBXFileReference; lastKnownFileType = sourcecode.swift; path = HomeRemoteDataManager.swift; sourceTree = "<group>"; };
		72F67A1427A775FC00BA03B3 /* HomeWireFrame.swift */ = {isa = PBXFileReference; lastKnownFileType = sourcecode.swift; path = HomeWireFrame.swift; sourceTree = "<group>"; };
		72F67A1E27A7781700BA03B3 /* HomeView.storyboard */ = {isa = PBXFileReference; lastKnownFileType = file.storyboard; path = HomeView.storyboard; sourceTree = "<group>"; };
		72F67A2027A77AD400BA03B3 /* HomeEntity.swift */ = {isa = PBXFileReference; lastKnownFileType = sourcecode.swift; path = HomeEntity.swift; sourceTree = "<group>"; };
		72F67A2727A78B6900BA03B3 /* JobDetailTableViewCell.swift */ = {isa = PBXFileReference; lastKnownFileType = sourcecode.swift; path = JobDetailTableViewCell.swift; sourceTree = "<group>"; };
		72F67A2827A78B6900BA03B3 /* JobDetailTableViewCell.xib */ = {isa = PBXFileReference; lastKnownFileType = file.xib; path = JobDetailTableViewCell.xib; sourceTree = "<group>"; };
		72F67A2C27A78C3300BA03B3 /* UIImageExtension.swift */ = {isa = PBXFileReference; lastKnownFileType = sourcecode.swift; path = UIImageExtension.swift; sourceTree = "<group>"; };
/* End PBXFileReference section */

/* Begin PBXFrameworksBuildPhase section */
		72F679F327A775B000BA03B3 /* Frameworks */ = {
			isa = PBXFrameworksBuildPhase;
			buildActionMask = 2147483647;
			files = (
			);
			runOnlyForDeploymentPostprocessing = 0;
		};
/* End PBXFrameworksBuildPhase section */

/* Begin PBXGroup section */
		72F679ED27A775B000BA03B3 = {
			isa = PBXGroup;
			children = (
				72F679F827A775B000BA03B3 /* PruebaFactum */,
				72F679F727A775B000BA03B3 /* Products */,
			);
			sourceTree = "<group>";
		};
		72F679F727A775B000BA03B3 /* Products */ = {
			isa = PBXGroup;
			children = (
				72F679F627A775B000BA03B3 /* PruebaFactum.app */,
			);
			name = Products;
			sourceTree = "<group>";
		};
		72F679F827A775B000BA03B3 /* PruebaFactum */ = {
			isa = PBXGroup;
			children = (
				72F67A2B27A78BF800BA03B3 /* Extensions */,
				72F67A0D27A775D200BA03B3 /* Home */,
				72F679F927A775B000BA03B3 /* AppDelegate.swift */,
				72F679FB27A775B000BA03B3 /* SceneDelegate.swift */,
				72F67A0227A775B200BA03B3 /* Assets.xcassets */,
				72F67A0427A775B200BA03B3 /* LaunchScreen.storyboard */,
				72F67A0727A775B200BA03B3 /* Info.plist */,
			);
			path = PruebaFactum;
			sourceTree = "<group>";
		};
		72F67A0D27A775D200BA03B3 /* Home */ = {
			isa = PBXGroup;
			children = (
				72F67A2227A78B2800BA03B3 /* CellHome */,
				72F67A1227A775FC00BA03B3 /* HomeView.swift */,
				72F67A1E27A7781700BA03B3 /* HomeView.storyboard */,
				72F67A0E27A775FC00BA03B3 /* HomePresenter.swift */,
				72F67A0F27A775FC00BA03B3 /* HomeLocalDataManager.swift */,
				72F67A1027A775FC00BA03B3 /* HomeProtocols.swift */,
				72F67A1127A775FC00BA03B3 /* HomeInteractor.swift */,
				72F67A1327A775FC00BA03B3 /* HomeRemoteDataManager.swift */,
				72F67A1427A775FC00BA03B3 /* HomeWireFrame.swift */,
				72F67A2027A77AD400BA03B3 /* HomeEntity.swift */,
			);
			path = Home;
			sourceTree = "<group>";
		};
		72F67A2227A78B2800BA03B3 /* CellHome */ = {
			isa = PBXGroup;
			children = (
				72F67A2727A78B6900BA03B3 /* JobDetailTableViewCell.swift */,
				72F67A2827A78B6900BA03B3 /* JobDetailTableViewCell.xib */,
			);
			path = CellHome;
			sourceTree = "<group>";
		};
		72F67A2B27A78BF800BA03B3 /* Extensions */ = {
			isa = PBXGroup;
			children = (
				72F67A2C27A78C3300BA03B3 /* UIImageExtension.swift */,
			);
			path = Extensions;
			sourceTree = "<group>";
		};
/* End PBXGroup section */

/* Begin PBXNativeTarget section */
		72F679F527A775B000BA03B3 /* PruebaFactum */ = {
			isa = PBXNativeTarget;
			buildConfigurationList = 72F67A0A27A775B200BA03B3 /* Build configuration list for PBXNativeTarget "PruebaFactum" */;
			buildPhases = (
				72F679F227A775B000BA03B3 /* Sources */,
				72F679F327A775B000BA03B3 /* Frameworks */,
				72F679F427A775B000BA03B3 /* Resources */,
			);
			buildRules = (
			);
			dependencies = (
			);
			name = PruebaFactum;
			productName = PruebaFactum;
			productReference = 72F679F627A775B000BA03B3 /* PruebaFactum.app */;
			productType = "com.apple.product-type.application";
		};
/* End PBXNativeTarget section */

/* Begin PBXProject section */
		72F679EE27A775B000BA03B3 /* Project object */ = {
			isa = PBXProject;
			attributes = {
				BuildIndependentTargetsInParallel = 1;
				LastSwiftUpdateCheck = 1320;
				LastUpgradeCheck = 1320;
				TargetAttributes = {
					72F679F527A775B000BA03B3 = {
						CreatedOnToolsVersion = 13.2.1;
					};
				};
			};
			buildConfigurationList = 72F679F127A775B000BA03B3 /* Build configuration list for PBXProject "PruebaFactum" */;
			compatibilityVersion = "Xcode 13.0";
			developmentRegion = en;
			hasScannedForEncodings = 0;
			knownRegions = (
				en,
				Base,
			);
			mainGroup = 72F679ED27A775B000BA03B3;
			productRefGroup = 72F679F727A775B000BA03B3 /* Products */;
			projectDirPath = "";
			projectRoot = "";
			targets = (
				72F679F527A775B000BA03B3 /* PruebaFactum */,
			);
		};
/* End PBXProject section */

/* Begin PBXResourcesBuildPhase section */
		72F679F427A775B000BA03B3 /* Resources */ = {
			isa = PBXResourcesBuildPhase;
			buildActionMask = 2147483647;
			files = (
				72F67A2A27A78B6900BA03B3 /* JobDetailTableViewCell.xib in Resources */,
				72F67A1F27A7781700BA03B3 /* HomeView.storyboard in Resources */,
				72F67A0627A775B200BA03B3 /* LaunchScreen.storyboard in Resources */,
				72F67A0327A775B200BA03B3 /* Assets.xcassets in Resources */,
			);
			runOnlyForDeploymentPostprocessing = 0;
		};
/* End PBXResourcesBuildPhase section */

/* Begin PBXSourcesBuildPhase section */
		72F679F227A775B000BA03B3 /* Sources */ = {
			isa = PBXSourcesBuildPhase;
			buildActionMask = 2147483647;
			files = (
				72F679FA27A775B000BA03B3 /* AppDelegate.swift in Sources */,
				72F67A1627A775FC00BA03B3 /* HomeLocalDataManager.swift in Sources */,
				72F679FC27A775B000BA03B3 /* SceneDelegate.swift in Sources */,
				72F67A2127A77AD400BA03B3 /* HomeEntity.swift in Sources */,
				72F67A1727A775FC00BA03B3 /* HomeProtocols.swift in Sources */,
				72F67A1927A775FC00BA03B3 /* HomeView.swift in Sources */,
				72F67A1A27A775FC00BA03B3 /* HomeRemoteDataManager.swift in Sources */,
				72F67A1527A775FC00BA03B3 /* HomePresenter.swift in Sources */,
				72F67A1827A775FC00BA03B3 /* HomeInteractor.swift in Sources */,
				72F67A2927A78B6900BA03B3 /* JobDetailTableViewCell.swift in Sources */,
				72F67A1B27A775FC00BA03B3 /* HomeWireFrame.swift in Sources */,
				72F67A2D27A78C3300BA03B3 /* UIImageExtension.swift in Sources */,
			);
			runOnlyForDeploymentPostprocessing = 0;
		};
/* End PBXSourcesBuildPhase section */

/* Begin PBXVariantGroup section */
		72F67A0427A775B200BA03B3 /* LaunchScreen.storyboard */ = {
			isa = PBXVariantGroup;
			children = (
				72F67A0527A775B200BA03B3 /* Base */,
			);
			name = LaunchScreen.storyboard;
			sourceTree = "<group>";
		};
/* End PBXVariantGroup section */

/* Begin XCBuildConfiguration section */
		72F67A0827A775B200BA03B3 /* Debug */ = {
			isa = XCBuildConfiguration;
			buildSettings = {
				ALWAYS_SEARCH_USER_PATHS = NO;
				CLANG_ANALYZER_NONNULL = YES;
				CLANG_ANALYZER_NUMBER_OBJECT_CONVERSION = YES_AGGRESSIVE;
				CLANG_CXX_LANGUAGE_STANDARD = "gnu++17";
				CLANG_CXX_LIBRARY = "libc++";
				CLANG_ENABLE_MODULES = YES;
				CLANG_ENABLE_OBJC_ARC = YES;
				CLANG_ENABLE_OBJC_WEAK = YES;
				CLANG_WARN_BLOCK_CAPTURE_AUTORELEASING = YES;
				CLANG_WARN_BOOL_CONVERSION = YES;
				CLANG_WARN_COMMA = YES;
				CLANG_WARN_CONSTANT_CONVERSION = YES;
				CLANG_WARN_DEPRECATED_OBJC_IMPLEMENTATIONS = YES;
				CLANG_WARN_DIRECT_OBJC_ISA_USAGE = YES_ERROR;
				CLANG_WARN_DOCUMENTATION_COMMENTS = YES;
				CLANG_WARN_EMPTY_BODY = YES;
				CLANG_WARN_ENUM_CONVERSION = YES;
				CLANG_WARN_INFINITE_RECURSION = YES;
				CLANG_WARN_INT_CONVERSION = YES;
				CLANG_WARN_NON_LITERAL_NULL_CONVERSION = YES;
				CLANG_WARN_OBJC_IMPLICIT_RETAIN_SELF = YES;
				CLANG_WARN_OBJC_LITERAL_CONVERSION = YES;
				CLANG_WARN_OBJC_ROOT_CLASS = YES_ERROR;
				CLANG_WARN_QUOTED_INCLUDE_IN_FRAMEWORK_HEADER = YES;
				CLANG_WARN_RANGE_LOOP_ANALYSIS = YES;
				CLANG_WARN_STRICT_PROTOTYPES = YES;
				CLANG_WARN_SUSPICIOUS_MOVE = YES;
				CLANG_WARN_UNGUARDED_AVAILABILITY = YES_AGGRESSIVE;
				CLANG_WARN_UNREACHABLE_CODE = YES;
				CLANG_WARN__DUPLICATE_METHOD_MATCH = YES;
				COPY_PHASE_STRIP = NO;
				DEBUG_INFORMATION_FORMAT = dwarf;
				ENABLE_STRICT_OBJC_MSGSEND = YES;
				ENABLE_TESTABILITY = YES;
				GCC_C_LANGUAGE_STANDARD = gnu11;
				GCC_DYNAMIC_NO_PIC = NO;
				GCC_NO_COMMON_BLOCKS = YES;
				GCC_OPTIMIZATION_LEVEL = 0;
				GCC_PREPROCESSOR_DEFINITIONS = (
					"DEBUG=1",
					"$(inherited)",
				);
				GCC_WARN_64_TO_32_BIT_CONVERSION = YES;
				GCC_WARN_ABOUT_RETURN_TYPE = YES_ERROR;
				GCC_WARN_UNDECLARED_SELECTOR = YES;
				GCC_WARN_UNINITIALIZED_AUTOS = YES_AGGRESSIVE;
				GCC_WARN_UNUSED_FUNCTION = YES;
				GCC_WARN_UNUSED_VARIABLE = YES;
				IPHONEOS_DEPLOYMENT_TARGET = 15.2;
				MTL_ENABLE_DEBUG_INFO = INCLUDE_SOURCE;
				MTL_FAST_MATH = YES;
				ONLY_ACTIVE_ARCH = YES;
				SDKROOT = iphoneos;
				SWIFT_ACTIVE_COMPILATION_CONDITIONS = DEBUG;
				SWIFT_OPTIMIZATION_LEVEL = "-Onone";
			};
			name = Debug;
		};
		72F67A0927A775B200BA03B3 /* Release */ = {
			isa = XCBuildConfiguration;
			buildSettings = {
				ALWAYS_SEARCH_USER_PATHS = NO;
				CLANG_ANALYZER_NONNULL = YES;
				CLANG_ANALYZER_NUMBER_OBJECT_CONVERSION = YES_AGGRESSIVE;
				CLANG_CXX_LANGUAGE_STANDARD = "gnu++17";
				CLANG_CXX_LIBRARY = "libc++";
				CLANG_ENABLE_MODULES = YES;
				CLANG_ENABLE_OBJC_ARC = YES;
				CLANG_ENABLE_OBJC_WEAK = YES;
				CLANG_WARN_BLOCK_CAPTURE_AUTORELEASING = YES;
				CLANG_WARN_BOOL_CONVERSION = YES;
				CLANG_WARN_COMMA = YES;
				CLANG_WARN_CONSTANT_CONVERSION = YES;
				CLANG_WARN_DEPRECATED_OBJC_IMPLEMENTATIONS = YES;
				CLANG_WARN_DIRECT_OBJC_ISA_USAGE = YES_ERROR;
				CLANG_WARN_DOCUMENTATION_COMMENTS = YES;
				CLANG_WARN_EMPTY_BODY = YES;
				CLANG_WARN_ENUM_CONVERSION = YES;
				CLANG_WARN_INFINITE_RECURSION = YES;
				CLANG_WARN_INT_CONVERSION = YES;
				CLANG_WARN_NON_LITERAL_NULL_CONVERSION = YES;
				CLANG_WARN_OBJC_IMPLICIT_RETAIN_SELF = YES;
				CLANG_WARN_OBJC_LITERAL_CONVERSION = YES;
				CLANG_WARN_OBJC_ROOT_CLASS = YES_ERROR;
				CLANG_WARN_QUOTED_INCLUDE_IN_FRAMEWORK_HEADER = YES;
				CLANG_WARN_RANGE_LOOP_ANALYSIS = YES;
				CLANG_WARN_STRICT_PROTOTYPES = YES;
				CLANG_WARN_SUSPICIOUS_MOVE = YES;
				CLANG_WARN_UNGUARDED_AVAILABILITY = YES_AGGRESSIVE;
				CLANG_WARN_UNREACHABLE_CODE = YES;
				CLANG_WARN__DUPLICATE_METHOD_MATCH = YES;
				COPY_PHASE_STRIP = NO;
				DEBUG_INFORMATION_FORMAT = "dwarf-with-dsym";
				ENABLE_NS_ASSERTIONS = NO;
				ENABLE_STRICT_OBJC_MSGSEND = YES;
				GCC_C_LANGUAGE_STANDARD = gnu11;
				GCC_NO_COMMON_BLOCKS = YES;
				GCC_WARN_64_TO_32_BIT_CONVERSION = YES;
				GCC_WARN_ABOUT_RETURN_TYPE = YES_ERROR;
				GCC_WARN_UNDECLARED_SELECTOR = YES;
				GCC_WARN_UNINITIALIZED_AUTOS = YES_AGGRESSIVE;
				GCC_WARN_UNUSED_FUNCTION = YES;
				GCC_WARN_UNUSED_VARIABLE = YES;
				IPHONEOS_DEPLOYMENT_TARGET = 15.2;
				MTL_ENABLE_DEBUG_INFO = NO;
				MTL_FAST_MATH = YES;
				SDKROOT = iphoneos;
				SWIFT_COMPILATION_MODE = wholemodule;
				SWIFT_OPTIMIZATION_LEVEL = "-O";
				VALIDATE_PRODUCT = YES;
			};
			name = Release;
		};
		72F67A0B27A775B200BA03B3 /* Debug */ = {
			isa = XCBuildConfiguration;
			buildSettings = {
				ASSETCATALOG_COMPILER_APPICON_NAME = AppIcon;
				ASSETCATALOG_COMPILER_GLOBAL_ACCENT_COLOR_NAME = AccentColor;
				CODE_SIGN_STYLE = Automatic;
				CURRENT_PROJECT_VERSION = 1;
				DEVELOPMENT_TEAM = TXJ7W24BC8;
				GENERATE_INFOPLIST_FILE = YES;
				INFOPLIST_FILE = PruebaFactum/Info.plist;
				INFOPLIST_KEY_UIApplicationSupportsIndirectInputEvents = YES;
				INFOPLIST_KEY_UILaunchStoryboardName = LaunchScreen;
				INFOPLIST_KEY_UISupportedInterfaceOrientations_iPad = "UIInterfaceOrientationPortrait UIInterfaceOrientationPortraitUpsideDown UIInterfaceOrientationLandscapeLeft UIInterfaceOrientationLandscapeRight";
				INFOPLIST_KEY_UISupportedInterfaceOrientations_iPhone = "UIInterfaceOrientationPortrait UIInterfaceOrientationLandscapeLeft UIInterfaceOrientationLandscapeRight";
				LD_RUNPATH_SEARCH_PATHS = (
					"$(inherited)",
					"@executable_path/Frameworks",
				);
				MARKETING_VERSION = 1.0;
				PRODUCT_BUNDLE_IDENTIFIER = com.gustavogutierrez.PruebaFactum;
				PRODUCT_NAME = "$(TARGET_NAME)";
				SWIFT_EMIT_LOC_STRINGS = YES;
				SWIFT_VERSION = 5.0;
				TARGETED_DEVICE_FAMILY = "1,2";
			};
			name = Debug;
		};
		72F67A0C27A775B200BA03B3 /* Release */ = {
			isa = XCBuildConfiguration;
			buildSettings = {
				ASSETCATALOG_COMPILER_APPICON_NAME = AppIcon;
				ASSETCATALOG_COMPILER_GLOBAL_ACCENT_COLOR_NAME = AccentColor;
				CODE_SIGN_STYLE = Automatic;
				CURRENT_PROJECT_VERSION = 1;
				DEVELOPMENT_TEAM = TXJ7W24BC8;
				GENERATE_INFOPLIST_FILE = YES;
				INFOPLIST_FILE = PruebaFactum/Info.plist;
				INFOPLIST_KEY_UIApplicationSupportsIndirectInputEvents = YES;
				INFOPLIST_KEY_UILaunchStoryboardName = LaunchScreen;
				INFOPLIST_KEY_UISupportedInterfaceOrientations_iPad = "UIInterfaceOrientationPortrait UIInterfaceOrientationPortraitUpsideDown UIInterfaceOrientationLandscapeLeft UIInterfaceOrientationLandscapeRight";
				INFOPLIST_KEY_UISupportedInterfaceOrientations_iPhone = "UIInterfaceOrientationPortrait UIInterfaceOrientationLandscapeLeft UIInterfaceOrientationLandscapeRight";
				LD_RUNPATH_SEARCH_PATHS = (
					"$(inherited)",
					"@executable_path/Frameworks",
				);
				MARKETING_VERSION = 1.0;
				PRODUCT_BUNDLE_IDENTIFIER = com.gustavogutierrez.PruebaFactum;
				PRODUCT_NAME = "$(TARGET_NAME)";
				SWIFT_EMIT_LOC_STRINGS = YES;
				SWIFT_VERSION = 5.0;
				TARGETED_DEVICE_FAMILY = "1,2";
			};
			name = Release;
		};
/* End XCBuildConfiguration section */

/* Begin XCConfigurationList section */
		72F679F127A775B000BA03B3 /* Build configuration list for PBXProject "PruebaFactum" */ = {
			isa = XCConfigurationList;
			buildConfigurations = (
				72F67A0827A775B200BA03B3 /* Debug */,
				72F67A0927A775B200BA03B3 /* Release */,
			);
			defaultConfigurationIsVisible = 0;
			defaultConfigurationName = Release;
		};
		72F67A0A27A775B200BA03B3 /* Build configuration list for PBXNativeTarget "PruebaFactum" */ = {
			isa = XCConfigurationList;
			buildConfigurations = (
				72F67A0B27A775B200BA03B3 /* Debug */,
				72F67A0C27A775B200BA03B3 /* Release */,
			);
			defaultConfigurationIsVisible = 0;
			defaultConfigurationName = Release;
		};
/* End XCConfigurationList section */
	};
	rootObject = 72F679EE27A775B000BA03B3 /* Project object */;
}
